
Microsoft Visual Studio Solution File, Format Version 12.00
# Visual Studio Version 17
VisualStudioVersion = 17.8.34525.116
MinimumVisualStudioVersion = 10.0.40219.1
Project("{FAE04EC0-301F-11D3-BF4B-00C04F79EFBC}") = "Gitchange", "Gitchange\Gitchange.csproj", "{1A7C12C6-10BC-4F4C-A81D-7BE82D4D0092}"
EndProject
Global
	GlobalSection(SolutionConfigurationPlatforms) = preSolution
		Debug|Any CPU = Debug|Any CPU
		Release|Any CPU = Release|Any CPU
	EndGlobalSection
	GlobalSection(ProjectConfigurationPlatforms) = postSolution
		{1A7C12C6-10BC-4F4C-A81D-7BE82D4D0092}.Debug|Any CPU.ActiveCfg = Debug|Any CPU
		{1A7C12C6-10BC-4F4C-A81D-7BE82D4D0092}.Debug|Any CPU.Build.0 = Debug|Any CPU
		{1A7C12C6-10BC-4F4C-A81D-7BE82D4D0092}.Release|Any CPU.ActiveCfg = Release|Any CPU
		{1A7C12C6-10BC-4F4C-A81D-7BE82D4D0092}.Release|Any CPU.Build.0 = Release|Any CPU
	EndGlobalSection
	GlobalSection(SolutionProperties) = preSolution
		HideSolutionNode = FALSE
	EndGlobalSection
	GlobalSection(ExtensibilityGlobals) = postSolution
		SolutionGuid = {F15926A2-C739-4519-8FFE-8D5E70F85112}
	EndGlobalSection
EndGlobal
